
Microsoft Visual Studio Solution File, Format Version 12.00
# Visual Studio Version 17
VisualStudioVersion = 17.5.33516.290
MinimumVisualStudioVersion = 10.0.40219.1
Project("{FAE04EC0-301F-11D3-BF4B-00C04F79EFBC}") = "turnup_portal", "turnup_portal.csproj", "{D7F52514-B724-49C1-B2DB-FC82F2DCE73A}"
EndProject
Global
	GlobalSection(SolutionConfigurationPlatforms) = preSolution
		Debug|Any CPU = Debug|Any CPU
		Release|Any CPU = Release|Any CPU
	EndGlobalSection
	GlobalSection(ProjectConfigurationPlatforms) = postSolution
		{D7F52514-B724-49C1-B2DB-FC82F2DCE73A}.Debug|Any CPU.ActiveCfg = Debug|Any CPU
		{D7F52514-B724-49C1-B2DB-FC82F2DCE73A}.Debug|Any CPU.Build.0 = Debug|Any CPU
		{D7F52514-B724-49C1-B2DB-FC82F2DCE73A}.Release|Any CPU.ActiveCfg = Release|Any CPU
		{D7F52514-B724-49C1-B2DB-FC82F2DCE73A}.Release|Any CPU.Build.0 = Release|Any CPU
	EndGlobalSection
	GlobalSection(SolutionProperties) = preSolution
		HideSolutionNode = FALSE
	EndGlobalSection
	GlobalSection(ExtensibilityGlobals) = postSolution
		SolutionGuid = {E223FF52-ADB1-4B27-8AF9-73404D9691F1}
	EndGlobalSection
EndGlobal
